
Microsoft Visual Studio Solution File, Format Version 12.00
# Visual Studio Version 16
VisualStudioVersion = 16.0.31205.134
MinimumVisualStudioVersion = 10.0.40219.1
Project("{FAE04EC0-301F-11D3-BF4B-00C04F79EFBC}") = "CasperChat.Android", "CasperChat\CasperChat.Android\CasperChat.Android.csproj", "{E4CDF293-60F4-48AA-AB53-F1CB6CCD8768}"
EndProject
Project("{FAE04EC0-301F-11D3-BF4B-00C04F79EFBC}") = "CasperChat.iOS", "CasperChat\CasperChat.iOS\CasperChat.iOS.csproj", "{99B62E17-4B01-4E43-A9BD-E6870288993B}"
EndProject
Project("{FAE04EC0-301F-11D3-BF4B-00C04F79EFBC}") = "CasperChat", "CasperChat\CasperChat\CasperChat.csproj", "{07B49057-F426-45BC-B7F5-4EDC45F53055}"
EndProject
Global
	GlobalSection(SolutionConfigurationPlatforms) = preSolution
		Debug|Any CPU = Debug|Any CPU
		Debug|iPhone = Debug|iPhone
		Debug|iPhoneSimulator = Debug|iPhoneSimulator
		Release|Any CPU = Release|Any CPU
		Release|iPhone = Release|iPhone
		Release|iPhoneSimulator = Release|iPhoneSimulator
	EndGlobalSection
	GlobalSection(ProjectConfigurationPlatforms) = postSolution
		{E4CDF293-60F4-48AA-AB53-F1CB6CCD8768}.Debug|Any CPU.ActiveCfg = Debug|Any CPU
		{E4CDF293-60F4-48AA-AB53-F1CB6CCD8768}.Debug|Any CPU.Build.0 = Debug|Any CPU
		{E4CDF293-60F4-48AA-AB53-F1CB6CCD8768}.Debug|Any CPU.Deploy.0 = Debug|Any CPU
		{E4CDF293-60F4-48AA-AB53-F1CB6CCD8768}.Debug|iPhone.ActiveCfg = Debug|Any CPU
		{E4CDF293-60F4-48AA-AB53-F1CB6CCD8768}.Debug|iPhone.Build.0 = Debug|Any CPU
		{E4CDF293-60F4-48AA-AB53-F1CB6CCD8768}.Debug|iPhone.Deploy.0 = Debug|Any CPU
		{E4CDF293-60F4-48AA-AB53-F1CB6CCD8768}.Debug|iPhoneSimulator.ActiveCfg = Debug|Any CPU
		{E4CDF293-60F4-48AA-AB53-F1CB6CCD8768}.Debug|iPhoneSimulator.Build.0 = Debug|Any CPU
		{E4CDF293-60F4-48AA-AB53-F1CB6CCD8768}.Debug|iPhoneSimulator.Deploy.0 = Debug|Any CPU
		{E4CDF293-60F4-48AA-AB53-F1CB6CCD8768}.Release|Any CPU.ActiveCfg = Release|Any CPU
		{E4CDF293-60F4-48AA-AB53-F1CB6CCD8768}.Release|Any CPU.Build.0 = Release|Any CPU
		{E4CDF293-60F4-48AA-AB53-F1CB6CCD8768}.Release|Any CPU.Deploy.0 = Release|Any CPU
		{E4CDF293-60F4-48AA-AB53-F1CB6CCD8768}.Release|iPhone.ActiveCfg = Release|Any CPU
		{E4CDF293-60F4-48AA-AB53-F1CB6CCD8768}.Release|iPhone.Build.0 = Release|Any CPU
		{E4CDF293-60F4-48AA-AB53-F1CB6CCD8768}.Release|iPhone.Deploy.0 = Release|Any CPU
		{E4CDF293-60F4-48AA-AB53-F1CB6CCD8768}.Release|iPhoneSimulator.ActiveCfg = Release|Any CPU
		{E4CDF293-60F4-48AA-AB53-F1CB6CCD8768}.Release|iPhoneSimulator.Build.0 = Release|Any CPU
		{E4CDF293-60F4-48AA-AB53-F1CB6CCD8768}.Release|iPhoneSimulator.Deploy.0 = Release|Any CPU
		{99B62E17-4B01-4E43-A9BD-E6870288993B}.Debug|Any CPU.ActiveCfg = Debug|iPhone
		{99B62E17-4B01-4E43-A9BD-E6870288993B}.Debug|Any CPU.Build.0 = Debug|iPhone
		{99B62E17-4B01-4E43-A9BD-E6870288993B}.Debug|Any CPU.Deploy.0 = Debug|iPhone
		{99B62E17-4B01-4E43-A9BD-E6870288993B}.Debug|iPhone.ActiveCfg = Debug|iPhone
		{99B62E17-4B01-4E43-A9BD-E6870288993B}.Debug|iPhone.Build.0 = Debug|iPhone
		{99B62E17-4B01-4E43-A9BD-E6870288993B}.Debug|iPhone.Deploy.0 = Debug|iPhone
		{99B62E17-4B01-4E43-A9BD-E6870288993B}.Debug|iPhoneSimulator.ActiveCfg = Debug|iPhoneSimulator
		{99B62E17-4B01-4E43-A9BD-E6870288993B}.Debug|iPhoneSimulator.Build.0 = Debug|iPhoneSimulator
		{99B62E17-4B01-4E43-A9BD-E6870288993B}.Debug|iPhoneSimulator.Deploy.0 = Debug|iPhoneSimulator
		{99B62E17-4B01-4E43-A9BD-E6870288993B}.Release|Any CPU.ActiveCfg = Release|iPhoneSimulator
		{99B62E17-4B01-4E43-A9BD-E6870288993B}.Release|Any CPU.Build.0 = Release|iPhoneSimulator
		{99B62E17-4B01-4E43-A9BD-E6870288993B}.Release|Any CPU.Deploy.0 = Release|iPhoneSimulator
		{99B62E17-4B01-4E43-A9BD-E6870288993B}.Release|iPhone.ActiveCfg = Release|iPhone
		{99B62E17-4B01-4E43-A9BD-E6870288993B}.Release|iPhone.Build.0 = Release|iPhone
		{99B62E17-4B01-4E43-A9BD-E6870288993B}.Release|iPhone.Deploy.0 = Release|iPhone
		{99B62E17-4B01-4E43-A9BD-E6870288993B}.Release|iPhoneSimulator.ActiveCfg = Release|iPhoneSimulator
		{99B62E17-4B01-4E43-A9BD-E6870288993B}.Release|iPhoneSimulator.Build.0 = Release|iPhoneSimulator
		{99B62E17-4B01-4E43-A9BD-E6870288993B}.Release|iPhoneSimulator.Deploy.0 = Release|iPhoneSimulator
		{07B49057-F426-45BC-B7F5-4EDC45F53055}.Debug|Any CPU.ActiveCfg = Debug|Any CPU
		{07B49057-F426-45BC-B7F5-4EDC45F53055}.Debug|Any CPU.Build.0 = Debug|Any CPU
		{07B49057-F426-45BC-B7F5-4EDC45F53055}.Debug|Any CPU.Deploy.0 = Debug|Any CPU
		{07B49057-F426-45BC-B7F5-4EDC45F53055}.Debug|iPhone.ActiveCfg = Debug|Any CPU
		{07B49057-F426-45BC-B7F5-4EDC45F53055}.Debug|iPhone.Build.0 = Debug|Any CPU
		{07B49057-F426-45BC-B7F5-4EDC45F53055}.Debug|iPhone.Deploy.0 = Debug|Any CPU
		{07B49057-F426-45BC-B7F5-4EDC45F53055}.Debug|iPhoneSimulator.ActiveCfg = Debug|Any CPU
		{07B49057-F426-45BC-B7F5-4EDC45F53055}.Debug|iPhoneSimulator.Build.0 = Debug|Any CPU
		{07B49057-F426-45BC-B7F5-4EDC45F53055}.Debug|iPhoneSimulator.Deploy.0 = Debug|Any CPU
		{07B49057-F426-45BC-B7F5-4EDC45F53055}.Release|Any CPU.ActiveCfg = Release|Any CPU
		{07B49057-F426-45BC-B7F5-4EDC45F53055}.Release|Any CPU.Build.0 = Release|Any CPU
		{07B49057-F426-45BC-B7F5-4EDC45F53055}.Release|Any CPU.Deploy.0 = Release|Any CPU
		{07B49057-F426-45BC-B7F5-4EDC45F53055}.Release|iPhone.ActiveCfg = Release|Any CPU
		{07B49057-F426-45BC-B7F5-4EDC45F53055}.Release|iPhone.Build.0 = Release|Any CPU
		{07B49057-F426-45BC-B7F5-4EDC45F53055}.Release|iPhone.Deploy.0 = Release|Any CPU
		{07B49057-F426-45BC-B7F5-4EDC45F53055}.Release|iPhoneSimulator.ActiveCfg = Release|Any CPU
		{07B49057-F426-45BC-B7F5-4EDC45F53055}.Release|iPhoneSimulator.Build.0 = Release|Any CPU
		{07B49057-F426-45BC-B7F5-4EDC45F53055}.Release|iPhoneSimulator.Deploy.0 = Release|Any CPU
	EndGlobalSection
	GlobalSection(SolutionProperties) = preSolution
		HideSolutionNode = FALSE
	EndGlobalSection
	GlobalSection(ExtensibilityGlobals) = postSolution
		SolutionGuid = {CCB34F36-027F-4C3F-8725-9475B4D8DDF9}
	EndGlobalSection
EndGlobal
